
Microsoft Visual Studio Solution File, Format Version 12.00
# Visual Studio Version 16
VisualStudioVersion = 16.0.31911.196
MinimumVisualStudioVersion = 10.0.40219.1
Project("{9A19103F-16F7-4668-BE54-9A1E7A4F7556}") = "Hebron", "..\..\Hebron\src\Hebron\Hebron.csproj", "{DC397933-2ED7-4DBB-805A-8903DA4584D7}"
EndProject
Project("{9A19103F-16F7-4668-BE54-9A1E7A4F7556}") = "StbImageRust.Generator", "StbImageRust.Generator\StbImageRust.Generator.csproj", "{480786EB-4C74-45CE-B306-69F01764D881}"
EndProject
Global
	GlobalSection(SolutionConfigurationPlatforms) = preSolution
		Debug|Any CPU = Debug|Any CPU
		Release|Any CPU = Release|Any CPU
	EndGlobalSection
	GlobalSection(ProjectConfigurationPlatforms) = postSolution
		{DC397933-2ED7-4DBB-805A-8903DA4584D7}.Debug|Any CPU.ActiveCfg = Debug|Any CPU
		{DC397933-2ED7-4DBB-805A-8903DA4584D7}.Debug|Any CPU.Build.0 = Debug|Any CPU
		{DC397933-2ED7-4DBB-805A-8903DA4584D7}.Release|Any CPU.ActiveCfg = Release|Any CPU
		{DC397933-2ED7-4DBB-805A-8903DA4584D7}.Release|Any CPU.Build.0 = Release|Any CPU
		{480786EB-4C74-45CE-B306-69F01764D881}.Debug|Any CPU.ActiveCfg = Debug|Any CPU
		{480786EB-4C74-45CE-B306-69F01764D881}.Debug|Any CPU.Build.0 = Debug|Any CPU
		{480786EB-4C74-45CE-B306-69F01764D881}.Release|Any CPU.ActiveCfg = Release|Any CPU
		{480786EB-4C74-45CE-B306-69F01764D881}.Release|Any CPU.Build.0 = Release|Any CPU
	EndGlobalSection
	GlobalSection(SolutionProperties) = preSolution
		HideSolutionNode = FALSE
	EndGlobalSection
	GlobalSection(ExtensibilityGlobals) = postSolution
		SolutionGuid = {4868860A-82AA-438F-9C63-3B25E581D722}
	EndGlobalSection
EndGlobal
